{
  "version": 4,
  "terraform_version": "1.10.3",
  "serial": 28,
  "lineage": "bf1d422b-8155-4a43-b79c-952ea84baffd",
  "outputs": {},
  "resources": [
    {
      "mode": "data",
      "type": "local_file",
      "name": "installation",
      "provider": "provider[\"registry.terraform.io/hashicorp/local\"]",
      "instances": [
        {
          "schema_version": 0,
          "attributes": {
            "content": "#!/bin/bash\n#\nsudo apt-get update\nsudo apt-get install docker.io -y\nsudo apt-get install docker-compose-v2 -y\nsudo usermod -aG docker $USER\nsudo sudo apt update -y\nsudo apt install fontconfig openjdk-17-jre -y\n\n# Jenkins insatllation\n\nsudo wget -O /usr/share/keyrings/jenkins-keyring.asc \\\n https://pkg.jenkins.io/debian-stable/jenkins.io-2023.key\necho \"deb [signed-by=/usr/share/keyrings/jenkins-keyring.asc]\" \\\n  https://pkg.jenkins.io/debian-stable binary/ | sudo tee \\\n  /etc/apt/sources.list.d/jenkins.list \u003e /dev/null\nsudo apt-get update\nsudo apt-get install jenkins -y \n\n# aws cli installation\ncurl \"https://awscli.amazonaws.com/awscli-exe-linux-x86_64.zip\" -o \"awscliv2.zip\"\nsudo apt install unzip\nunzip awscliv2.zip\nsudo ./aws/install\n\n# kubectl install\ncurl -o kubectl https://amazon-eks.s3.us-west-2.amazonaws.com/1.19.6/2021-01-05/bin/linux/amd64/kubectl\nchmod +x ./kubectl\nsudo mv ./kubectl /usr/local/bin\nkubectl version --short --client\n\n# eksctl install\n\ncurl --silent --location \"https://github.com/weaveworks/eksctl/releases/latest/download/eksctl_$(uname -s)_amd64.tar.gz\" | tar xz -C /tmp\nsudo mv /tmp/eksctl /usr/local/bin\neksctl version\n\necho \" Create IAM role and associate with ec2 instance for eks cluter creation\"\n# eks cluster creation\n\neksctl create cluster --name=wanderlust \\\n                    --region=ap-south-1 \\\n                    --version=1.30 \\\n                    --without-nodegroup\n# Associate OIDC provider\neksctl utils associate-iam-oidc-provider \\\n  --region ap-south-1 \\\n  --cluster wanderlust \\\n  --approve\n\n# Create NodeGroup\necho \" Create key pair as eks-nodegroup-key\"\neksctl create nodegroup --cluster=wanderlust \\\n                     --region=ap-south-1 \\\n                     --name=wanderlust \\\n                     --node-type=t2.medium \\\n                     --nodes=2 \\\n                     --nodes-min=1 \\\n                     --nodes-max=2 \\\n                     --node-volume-size=29 \\\n                     --ssh-access \\\n                     --ssh-public-key=eks-nodegroup-key\n# Install sonarqube\ndocker run -itd --name SonarQube-Server -p 9000:9000 sonarqube:lts-community\n\n# Install Trivvy scanner\nsudo apt-get install wget apt-transport-https gnupg lsb-release -y\nwget -qO - https://aquasecurity.github.io/trivy-repo/deb/public.key | sudo apt-key add -\necho deb https://aquasecurity.github.io/trivy-repo/deb $(lsb_release -sc) main | sudo tee -a /etc/apt/sources.list.d/trivy.list\nsudo apt-get update -y\nsudo apt-get install trivy -y\n\necho \"Installation completed\"\n",
            "content_base64": "IyEvYmluL2Jhc2gKIwpzdWRvIGFwdC1nZXQgdXBkYXRlCnN1ZG8gYXB0LWdldCBpbnN0YWxsIGRvY2tlci5pbyAteQpzdWRvIGFwdC1nZXQgaW5zdGFsbCBkb2NrZXItY29tcG9zZS12MiAteQpzdWRvIHVzZXJtb2QgLWFHIGRvY2tlciAkVVNFUgpzdWRvIHN1ZG8gYXB0IHVwZGF0ZSAteQpzdWRvIGFwdCBpbnN0YWxsIGZvbnRjb25maWcgb3Blbmpkay0xNy1qcmUgLXkKCiMgSmVua2lucyBpbnNhdGxsYXRpb24KCnN1ZG8gd2dldCAtTyAvdXNyL3NoYXJlL2tleXJpbmdzL2plbmtpbnMta2V5cmluZy5hc2MgXAogaHR0cHM6Ly9wa2cuamVua2lucy5pby9kZWJpYW4tc3RhYmxlL2plbmtpbnMuaW8tMjAyMy5rZXkKZWNobyAiZGViIFtzaWduZWQtYnk9L3Vzci9zaGFyZS9rZXlyaW5ncy9qZW5raW5zLWtleXJpbmcuYXNjXSIgXAogIGh0dHBzOi8vcGtnLmplbmtpbnMuaW8vZGViaWFuLXN0YWJsZSBiaW5hcnkvIHwgc3VkbyB0ZWUgXAogIC9ldGMvYXB0L3NvdXJjZXMubGlzdC5kL2plbmtpbnMubGlzdCA+IC9kZXYvbnVsbApzdWRvIGFwdC1nZXQgdXBkYXRlCnN1ZG8gYXB0LWdldCBpbnN0YWxsIGplbmtpbnMgLXkgCgojIGF3cyBjbGkgaW5zdGFsbGF0aW9uCmN1cmwgImh0dHBzOi8vYXdzY2xpLmFtYXpvbmF3cy5jb20vYXdzY2xpLWV4ZS1saW51eC14ODZfNjQuemlwIiAtbyAiYXdzY2xpdjIuemlwIgpzdWRvIGFwdCBpbnN0YWxsIHVuemlwCnVuemlwIGF3c2NsaXYyLnppcApzdWRvIC4vYXdzL2luc3RhbGwKCiMga3ViZWN0bCBpbnN0YWxsCmN1cmwgLW8ga3ViZWN0bCBodHRwczovL2FtYXpvbi1la3MuczMudXMtd2VzdC0yLmFtYXpvbmF3cy5jb20vMS4xOS42LzIwMjEtMDEtMDUvYmluL2xpbnV4L2FtZDY0L2t1YmVjdGwKY2htb2QgK3ggLi9rdWJlY3RsCnN1ZG8gbXYgLi9rdWJlY3RsIC91c3IvbG9jYWwvYmluCmt1YmVjdGwgdmVyc2lvbiAtLXNob3J0IC0tY2xpZW50CgojIGVrc2N0bCBpbnN0YWxsCgpjdXJsIC0tc2lsZW50IC0tbG9jYXRpb24gImh0dHBzOi8vZ2l0aHViLmNvbS93ZWF2ZXdvcmtzL2Vrc2N0bC9yZWxlYXNlcy9sYXRlc3QvZG93bmxvYWQvZWtzY3RsXyQodW5hbWUgLXMpX2FtZDY0LnRhci5neiIgfCB0YXIgeHogLUMgL3RtcApzdWRvIG12IC90bXAvZWtzY3RsIC91c3IvbG9jYWwvYmluCmVrc2N0bCB2ZXJzaW9uCgplY2hvICIgQ3JlYXRlIElBTSByb2xlIGFuZCBhc3NvY2lhdGUgd2l0aCBlYzIgaW5zdGFuY2UgZm9yIGVrcyBjbHV0ZXIgY3JlYXRpb24iCiMgZWtzIGNsdXN0ZXIgY3JlYXRpb24KCmVrc2N0bCBjcmVhdGUgY2x1c3RlciAtLW5hbWU9d2FuZGVybHVzdCBcCiAgICAgICAgICAgICAgICAgICAgLS1yZWdpb249YXAtc291dGgtMSBcCiAgICAgICAgICAgICAgICAgICAgLS12ZXJzaW9uPTEuMzAgXAogICAgICAgICAgICAgICAgICAgIC0td2l0aG91dC1ub2RlZ3JvdXAKIyBBc3NvY2lhdGUgT0lEQyBwcm92aWRlcgpla3NjdGwgdXRpbHMgYXNzb2NpYXRlLWlhbS1vaWRjLXByb3ZpZGVyIFwKICAtLXJlZ2lvbiBhcC1zb3V0aC0xIFwKICAtLWNsdXN0ZXIgd2FuZGVybHVzdCBcCiAgLS1hcHByb3ZlCgojIENyZWF0ZSBOb2RlR3JvdXAKZWNobyAiIENyZWF0ZSBrZXkgcGFpciBhcyBla3Mtbm9kZWdyb3VwLWtleSIKZWtzY3RsIGNyZWF0ZSBub2RlZ3JvdXAgLS1jbHVzdGVyPXdhbmRlcmx1c3QgXAogICAgICAgICAgICAgICAgICAgICAtLXJlZ2lvbj1hcC1zb3V0aC0xIFwKICAgICAgICAgICAgICAgICAgICAgLS1uYW1lPXdhbmRlcmx1c3QgXAogICAgICAgICAgICAgICAgICAgICAtLW5vZGUtdHlwZT10Mi5tZWRpdW0gXAogICAgICAgICAgICAgICAgICAgICAtLW5vZGVzPTIgXAogICAgICAgICAgICAgICAgICAgICAtLW5vZGVzLW1pbj0xIFwKICAgICAgICAgICAgICAgICAgICAgLS1ub2Rlcy1tYXg9MiBcCiAgICAgICAgICAgICAgICAgICAgIC0tbm9kZS12b2x1bWUtc2l6ZT0yOSBcCiAgICAgICAgICAgICAgICAgICAgIC0tc3NoLWFjY2VzcyBcCiAgICAgICAgICAgICAgICAgICAgIC0tc3NoLXB1YmxpYy1rZXk9ZWtzLW5vZGVncm91cC1rZXkKIyBJbnN0YWxsIHNvbmFycXViZQpkb2NrZXIgcnVuIC1pdGQgLS1uYW1lIFNvbmFyUXViZS1TZXJ2ZXIgLXAgOTAwMDo5MDAwIHNvbmFycXViZTpsdHMtY29tbXVuaXR5CgojIEluc3RhbGwgVHJpdnZ5IHNjYW5uZXIKc3VkbyBhcHQtZ2V0IGluc3RhbGwgd2dldCBhcHQtdHJhbnNwb3J0LWh0dHBzIGdudXBnIGxzYi1yZWxlYXNlIC15CndnZXQgLXFPIC0gaHR0cHM6Ly9hcXVhc2VjdXJpdHkuZ2l0aHViLmlvL3RyaXZ5LXJlcG8vZGViL3B1YmxpYy5rZXkgfCBzdWRvIGFwdC1rZXkgYWRkIC0KZWNobyBkZWIgaHR0cHM6Ly9hcXVhc2VjdXJpdHkuZ2l0aHViLmlvL3RyaXZ5LXJlcG8vZGViICQobHNiX3JlbGVhc2UgLXNjKSBtYWluIHwgc3VkbyB0ZWUgLWEgL2V0Yy9hcHQvc291cmNlcy5saXN0LmQvdHJpdnkubGlzdApzdWRvIGFwdC1nZXQgdXBkYXRlIC15CnN1ZG8gYXB0LWdldCBpbnN0YWxsIHRyaXZ5IC15CgplY2hvICJJbnN0YWxsYXRpb24gY29tcGxldGVkIgo=",
            "content_base64sha256": "FzDKxRuEKxHMjSICDo/Xu3N4Z3G3BiGQaGXF+XI2wLM=",
            "content_base64sha512": "2iXCmSSRnxNd6wbugATYqVR9hnXuNNi9agk9VYvfZm7NNp5vL9l371DefXTmNuF0xN7NzxRb+KuXLM9L+N0aWg==",
            "content_md5": "9c433b696fd691ee265d8cdfcdf221a8",
            "content_sha1": "32584efe88b7e80625144cb1486f6b706092e1f0",
            "content_sha256": "1730cac51b842b11cc8d22020e8fd7bb73786771b70621906865c5f97236c0b3",
            "content_sha512": "da25c29924919f135deb06ee8004d8a9547d8675ee34d8bd6a093d558bdf666ecd369e6f2fd977ef50de7d74e636e174c4decdcf145bf8ab972ccf4bf8dd1a5a",
            "filename": "/home/amitt-ashok/wanderlust_installation.sh",
            "id": "32584efe88b7e80625144cb1486f6b706092e1f0"
          },
          "sensitive_attributes": []
        }
      ]
    },
    {
      "mode": "managed",
      "type": "aws_default_vpc",
      "name": "my-vpc",
      "provider": "provider[\"registry.terraform.io/hashicorp/aws\"]",
      "instances": [
        {
          "schema_version": 1,
          "attributes": {
            "arn": "arn:aws:ec2:ap-south-1:160885261001:vpc/vpc-0f198eef4d7a5c3f5",
            "assign_generated_ipv6_cidr_block": false,
            "cidr_block": "172.31.0.0/16",
            "default_network_acl_id": "acl-0b2d9f87a70965c3a",
            "default_route_table_id": "rtb-01ce51dedfe724988",
            "default_security_group_id": "sg-0bbcebf499ab508a6",
            "dhcp_options_id": "dopt-0e22d7fb3bf341797",
            "enable_dns_hostnames": true,
            "enable_dns_support": true,
            "enable_network_address_usage_metrics": false,
            "existing_default_vpc": true,
            "force_destroy": false,
            "id": "vpc-0f198eef4d7a5c3f5",
            "instance_tenancy": "default",
            "ipv6_association_id": "",
            "ipv6_cidr_block": "",
            "ipv6_cidr_block_network_border_group": "",
            "ipv6_ipam_pool_id": "",
            "ipv6_netmask_length": 0,
            "main_route_table_id": "rtb-01ce51dedfe724988",
            "owner_id": "160885261001",
            "tags": {},
            "tags_all": {}
          },
          "sensitive_attributes": [],
          "private": "eyJzY2hlbWFfdmVyc2lvbiI6IjEifQ=="
        }
      ]
    },
    {
      "mode": "managed",
      "type": "aws_instance",
      "name": "wanderlust-ec2",
      "provider": "provider[\"registry.terraform.io/hashicorp/aws\"]",
      "instances": [
        {
          "schema_version": 1,
          "attributes": {
            "ami": "ami-00bb6a80f01f03502",
            "arn": "arn:aws:ec2:ap-south-1:160885261001:instance/i-07d6909dca84b5ead",
            "associate_public_ip_address": true,
            "availability_zone": "ap-south-1a",
            "capacity_reservation_specification": [
              {
                "capacity_reservation_preference": "open",
                "capacity_reservation_target": []
              }
            ],
            "cpu_core_count": 4,
            "cpu_options": [
              {
                "amd_sev_snp": "",
                "core_count": 4,
                "threads_per_core": 1
              }
            ],
            "cpu_threads_per_core": 1,
            "credit_specification": [
              {
                "cpu_credits": "standard"
              }
            ],
            "disable_api_stop": false,
            "disable_api_termination": false,
            "ebs_block_device": [],
            "ebs_optimized": false,
            "enclave_options": [
              {
                "enabled": false
              }
            ],
            "ephemeral_block_device": [],
            "get_password_data": false,
            "hibernation": false,
            "host_id": "",
            "host_resource_group_arn": null,
            "iam_instance_profile": "",
            "id": "i-07d6909dca84b5ead",
            "instance_initiated_shutdown_behavior": "stop",
            "instance_lifecycle": "",
            "instance_market_options": [],
            "instance_state": "running",
            "instance_type": "t2.xlarge",
            "ipv6_address_count": 0,
            "ipv6_addresses": [],
            "key_name": "terra-key",
            "launch_template": [],
            "maintenance_options": [
              {
                "auto_recovery": "default"
              }
            ],
            "metadata_options": [
              {
                "http_endpoint": "enabled",
                "http_protocol_ipv6": "disabled",
                "http_put_response_hop_limit": 2,
                "http_tokens": "required",
                "instance_metadata_tags": "disabled"
              }
            ],
            "monitoring": false,
            "network_interface": [],
            "outpost_arn": "",
            "password_data": "",
            "placement_group": "",
            "placement_partition_number": 0,
            "primary_network_interface_id": "eni-0b83ccd308ae26e72",
            "private_dns": "ip-172-31-42-190.ap-south-1.compute.internal",
            "private_dns_name_options": [
              {
                "enable_resource_name_dns_a_record": false,
                "enable_resource_name_dns_aaaa_record": false,
                "hostname_type": "ip-name"
              }
            ],
            "private_ip": "172.31.42.190",
            "public_dns": "ec2-13-232-194-91.ap-south-1.compute.amazonaws.com",
            "public_ip": "13.232.194.91",
            "root_block_device": [
              {
                "delete_on_termination": true,
                "device_name": "/dev/sda1",
                "encrypted": false,
                "iops": 3000,
                "kms_key_id": "",
                "tags": null,
                "tags_all": {},
                "throughput": 125,
                "volume_id": "vol-056ecd63cf76e7326",
                "volume_size": 30,
                "volume_type": "gp3"
              }
            ],
            "secondary_private_ips": [],
            "security_groups": [
              "Allow TLS"
            ],
            "source_dest_check": true,
            "spot_instance_request_id": "",
            "subnet_id": "subnet-0af8839f814e6bcc9",
            "tags": {
              "Name": "automate"
            },
            "tags_all": {
              "Name": "automate"
            },
            "tenancy": "default",
            "timeouts": null,
            "user_data": "32584efe88b7e80625144cb1486f6b706092e1f0",
            "user_data_base64": null,
            "user_data_replace_on_change": false,
            "volume_tags": null,
            "vpc_security_group_ids": [
              "sg-02a8161ccb318e1ca"
            ]
          },
          "sensitive_attributes": [],
          "private": "eyJlMmJmYjczMC1lY2FhLTExZTYtOGY4OC0zNDM2M2JjN2M0YzAiOnsiY3JlYXRlIjo2MDAwMDAwMDAwMDAsImRlbGV0ZSI6MTIwMDAwMDAwMDAwMCwicmVhZCI6OTAwMDAwMDAwMDAwLCJ1cGRhdGUiOjYwMDAwMDAwMDAwMH0sInNjaGVtYV92ZXJzaW9uIjoiMSJ9",
          "dependencies": [
            "aws_default_vpc.my-vpc",
            "aws_key_pair.master-key",
            "aws_security_group.wanderlust-sg",
            "data.local_file.installation"
          ]
        }
      ]
    },
    {
      "mode": "managed",
      "type": "aws_key_pair",
      "name": "master-key",
      "provider": "provider[\"registry.terraform.io/hashicorp/aws\"]",
      "instances": [
        {
          "schema_version": 1,
          "attributes": {
            "arn": "arn:aws:ec2:ap-south-1:160885261001:key-pair/terra-key",
            "fingerprint": "6e:ab:d7:ff:fc:d7:ae:33:36:ec:6c:19:01:e5:d3:6d",
            "id": "terra-key",
            "key_name": "terra-key",
            "key_name_prefix": "",
            "key_pair_id": "key-0d613076de7961e86",
            "key_type": "rsa",
            "public_key": "ssh-rsa AAAAB3NzaC1yc2EAAAADAQABAAACAQD7fE94V8F5QIe242UTArKfppVXSZQgBi+9QnDxGJX3xr8B4VrE2QKzDx6AJ3jFAqRD8WlDo+6CchAnmnk1ciDgn793xMME6Hr+dH54fzRCOjkRxjZlOg2jhbyADZ2y7m9bMBoymYM/jrAwo16cx/nqBsci5trVqPUDL+If4LIb/1b1D9/j38nH0ac/qLZv/4RJj2SvpDqo9vNdrsrzKk0tMv/kgL5ZeiK2K8/Y5ptjmazSR2mvo9ROK8zyeS3sntCFdTaMBBJU8tlUSHeQS5xfqx8tlTmFHtXhKEiIzLSrAbsftTp/awxWg21/tKZmOUQVnw6we1jRiUSloxIXYgHE56iwnoZXT9gScvb/7y6nB0teRl1BOrKazj2KKMNaiK4n1e44pbgLe5nGKYNdKE3dwtFkjyV2JIa9Y2Dumd1ZyUVbZVt5GOqYOCB9PZM3ojsnCPwS4BRg0OWbIpM12kfIrY5Vc6nPDY7EyeDV2McFF8h0Cw1/q44HqMTU7mM19HW/9ahCm4d6NO3SKJ8MwAyvp4axrb8ENEgYC7MyAZJ0u1OilrCaMbu5x1geKKtvLbduG2fkrdi49FZTdodGJx/5y/1WjRJrUqg/gmfpJMLBx0B+nIPcGQMf2NIdG1nmSIguiOmK2oWkNlJrzOf09V37bc/SYVFAV3g3B5J90nRg/w== amitt-ashok@ubuntu",
            "tags": {},
            "tags_all": {}
          },
          "sensitive_attributes": [],
          "private": "eyJzY2hlbWFfdmVyc2lvbiI6IjEifQ=="
        }
      ]
    },
    {
      "mode": "managed",
      "type": "aws_security_group",
      "name": "wanderlust-sg",
      "provider": "provider[\"registry.terraform.io/hashicorp/aws\"]",
      "instances": [
        {
          "schema_version": 1,
          "attributes": {
            "arn": "arn:aws:ec2:ap-south-1:160885261001:security-group/sg-02a8161ccb318e1ca",
            "description": "Allow user to connect",
            "egress": [
              {
                "cidr_blocks": [
                  "0.0.0.0/0"
                ],
                "description": "allow outgoing traffic",
                "from_port": 0,
                "ipv6_cidr_blocks": [],
                "prefix_list_ids": [],
                "protocol": "-1",
                "security_groups": [],
                "self": false,
                "to_port": 0
              }
            ],
            "id": "sg-02a8161ccb318e1ca",
            "ingress": [
              {
                "cidr_blocks": [
                  "0.0.0.0/0"
                ],
                "description": "allow SSH",
                "from_port": 22,
                "ipv6_cidr_blocks": [],
                "prefix_list_ids": [],
                "protocol": "tcp",
                "security_groups": [],
                "self": false,
                "to_port": 22
              },
              {
                "cidr_blocks": [
                  "0.0.0.0/0"
                ],
                "description": "allow kuberntes API server port",
                "from_port": 6443,
                "ipv6_cidr_blocks": [],
                "prefix_list_ids": [],
                "protocol": "tcp",
                "security_groups": [],
                "self": false,
                "to_port": 6443
              },
              {
                "cidr_blocks": [
                  "0.0.0.0/0"
                ],
                "description": "allow port of SMTPS",
                "from_port": 465,
                "ipv6_cidr_blocks": [],
                "prefix_list_ids": [],
                "protocol": "tcp",
                "security_groups": [],
                "self": false,
                "to_port": 465
              },
              {
                "cidr_blocks": [
                  "0.0.0.0/0"
                ],
                "description": "allow range of port",
                "from_port": 30000,
                "ipv6_cidr_blocks": [],
                "prefix_list_ids": [],
                "protocol": "tcp",
                "security_groups": [],
                "self": false,
                "to_port": 32767
              },
              {
                "cidr_blocks": [
                  "0.0.0.0/0"
                ],
                "description": "allow redis port",
                "from_port": 6379,
                "ipv6_cidr_blocks": [],
                "prefix_list_ids": [],
                "protocol": "tcp",
                "security_groups": [],
                "self": false,
                "to_port": 6379
              },
              {
                "cidr_blocks": [
                  "0.0.0.0/0"
                ],
                "description": "allow smtp port",
                "from_port": 25,
                "ipv6_cidr_blocks": [],
                "prefix_list_ids": [],
                "protocol": "tcp",
                "security_groups": [],
                "self": false,
                "to_port": 25
              },
              {
                "cidr_blocks": [
                  "0.0.0.0/0"
                ],
                "description": "allow various port",
                "from_port": 3000,
                "ipv6_cidr_blocks": [],
                "prefix_list_ids": [],
                "protocol": "tcp",
                "security_groups": [],
                "self": false,
                "to_port": 10000
              },
              {
                "cidr_blocks": [
                  "0.0.0.0/0"
                ],
                "description": "port 443 allow",
                "from_port": 443,
                "ipv6_cidr_blocks": [],
                "prefix_list_ids": [],
                "protocol": "tcp",
                "security_groups": [],
                "self": false,
                "to_port": 443
              },
              {
                "cidr_blocks": [
                  "0.0.0.0/0"
                ],
                "description": "port 80 allow",
                "from_port": 80,
                "ipv6_cidr_blocks": [],
                "prefix_list_ids": [],
                "protocol": "tcp",
                "security_groups": [],
                "self": false,
                "to_port": 80
              }
            ],
            "name": "Allow TLS",
            "name_prefix": "",
            "owner_id": "160885261001",
            "revoke_rules_on_delete": false,
            "tags": {
              "Name": "mysecurity"
            },
            "tags_all": {
              "Name": "mysecurity"
            },
            "timeouts": null,
            "vpc_id": "vpc-0f198eef4d7a5c3f5"
          },
          "sensitive_attributes": [],
          "private": "eyJlMmJmYjczMC1lY2FhLTExZTYtOGY4OC0zNDM2M2JjN2M0YzAiOnsiY3JlYXRlIjo2MDAwMDAwMDAwMDAsImRlbGV0ZSI6OTAwMDAwMDAwMDAwfSwic2NoZW1hX3ZlcnNpb24iOiIxIn0=",
          "dependencies": [
            "aws_default_vpc.my-vpc"
          ]
        }
      ]
    }
  ],
  "check_results": null
}
